// !$*UTF8*$!
{
	archiveVersion = 1;
	classes = {
	};
	objectVersion = 48;
	objects = {

/* Begin PBXBuildFile section */
		1A52433B906BE91E220E93CC /* Pods_oFoUITests.framework in Frameworks */ = {isa = PBXBuildFile; fileRef = 9723B481F91053134B731E6E /* Pods_oFoUITests.framework */; };
		2C3A7F901F4EB3CD00D4917A /* SYMenuController.swift in Sources */ = {isa = PBXBuildFile; fileRef = 2C3A7F8F1F4EB3CD00D4917A /* SYMenuController.swift */; };
		2C3A7F921F4EB59B00D4917A /* Podfile in Resources */ = {isa = PBXBuildFile; fileRef = 2C3A7F911F4EB59B00D4917A /* Podfile */; };
		2CF91C711F4DC67B005584BD /* AppDelegate.swift in Sources */ = {isa = PBXBuildFile; fileRef = 2CF91C701F4DC67B005584BD /* AppDelegate.swift */; };
		2CF91C731F4DC67B005584BD /* ViewController.swift in Sources */ = {isa = PBXBuildFile; fileRef = 2CF91C721F4DC67B005584BD /* ViewController.swift */; };
		2CF91C761F4DC67B005584BD /* Main.storyboard in Resources */ = {isa = PBXBuildFile; fileRef = 2CF91C741F4DC67B005584BD /* Main.storyboard */; };
		2CF91C781F4DC67B005584BD /* Assets.xcassets in Resources */ = {isa = PBXBuildFile; fileRef = 2CF91C771F4DC67B005584BD /* Assets.xcassets */; };
		2CF91C7B1F4DC67B005584BD /* LaunchScreen.storyboard in Resources */ = {isa = PBXBuildFile; fileRef = 2CF91C791F4DC67B005584BD /* LaunchScreen.storyboard */; };
		2CF91C861F4DC67B005584BD /* oFoTests.swift in Sources */ = {isa = PBXBuildFile; fileRef = 2CF91C851F4DC67B005584BD /* oFoTests.swift */; };
		2CF91C911F4DC67B005584BD /* oFoUITests.swift in Sources */ = {isa = PBXBuildFile; fileRef = 2CF91C901F4DC67B005584BD /* oFoUITests.swift */; };
		2CF91CA01F4DCF88005584BD /* MapKit.framework in Frameworks */ = {isa = PBXBuildFile; fileRef = 2CF91C9F1F4DCF88005584BD /* MapKit.framework */; };
		2CF91CA21F4DD047005584BD /* SYWebViewController.swift in Sources */ = {isa = PBXBuildFile; fileRef = 2CF91CA11F4DD047005584BD /* SYWebViewController.swift */; };
		E7A3C36CC5B6C76DFF51BBE4 /* Pods_oFo.framework in Frameworks */ = {isa = PBXBuildFile; fileRef = 41CE55CEBAF441A40ACF45BD /* Pods_oFo.framework */; };
		F0994E69513E96AE3102B8D1 /* Pods_oFoTests.framework in Frameworks */ = {isa = PBXBuildFile; fileRef = 7551DD93941DEF4C74D0F115 /* Pods_oFoTests.framework */; };
/* End PBXBuildFile section */

/* Begin PBXContainerItemProxy section */
		2CF91C821F4DC67B005584BD /* PBXContainerItemProxy */ = {
			isa = PBXContainerItemProxy;
			containerPortal = 2CF91C651F4DC67B005584BD /* Project object */;
			proxyType = 1;
			remoteGlobalIDString = 2CF91C6C1F4DC67B005584BD;
			remoteInfo = oFo;
		};
		2CF91C8D1F4DC67B005584BD /* PBXContainerItemProxy */ = {
			isa = PBXContainerItemProxy;
			containerPortal = 2CF91C651F4DC67B005584BD /* Project object */;
			proxyType = 1;
			remoteGlobalIDString = 2CF91C6C1F4DC67B005584BD;
			remoteInfo = oFo;
		};
/* End PBXContainerItemProxy section */

/* Begin PBXFileReference section */
		18D7C65DDD92906C978C4805 /* Pods-oFoUITests.release.xcconfig */ = {isa = PBXFileReference; includeInIndex = 1; lastKnownFileType = text.xcconfig; name = "Pods-oFoUITests.release.xcconfig"; path = "Pods/Target Support Files/Pods-oFoUITests/Pods-oFoUITests.release.xcconfig"; sourceTree = "<group>"; };
		2C3A7F8F1F4EB3CD00D4917A /* SYMenuController.swift */ = {isa = PBXFileReference; lastKnownFileType = sourcecode.swift; path = SYMenuController.swift; sourceTree = "<group>"; };
		2C3A7F911F4EB59B00D4917A /* Podfile */ = {isa = PBXFileReference; fileEncoding = 4; lastKnownFileType = text; path = Podfile; sourceTree = "<group>"; xcLanguageSpecificationIdentifier = xcode.lang.ruby; };
		2C3A7F931F4EB6EB00D4917A /* oFo-Bridging-Header.h */ = {isa = PBXFileReference; lastKnownFileType = sourcecode.c.h; path = "oFo-Bridging-Header.h"; sourceTree = "<group>"; };
		2CF91C6D1F4DC67B005584BD /* oFo.app */ = {isa = PBXFileReference; explicitFileType = wrapper.application; includeInIndex = 0; path = oFo.app; sourceTree = BUILT_PRODUCTS_DIR; };
		2CF91C701F4DC67B005584BD /* AppDelegate.swift */ = {isa = PBXFileReference; lastKnownFileType = sourcecode.swift; path = AppDelegate.swift; sourceTree = "<group>"; };
		2CF91C721F4DC67B005584BD /* ViewController.swift */ = {isa = PBXFileReference; lastKnownFileType = sourcecode.swift; path = ViewController.swift; sourceTree = "<group>"; };
		2CF91C751F4DC67B005584BD /* Base */ = {isa = PBXFileReference; lastKnownFileType = file.storyboard; name = Base; path = Base.lproj/Main.storyboard; sourceTree = "<group>"; };
		2CF91C771F4DC67B005584BD /* Assets.xcassets */ = {isa = PBXFileReference; lastKnownFileType = folder.assetcatalog; path = Assets.xcassets; sourceTree = "<group>"; };
		2CF91C7A1F4DC67B005584BD /* Base */ = {isa = PBXFileReference; lastKnownFileType = file.storyboard; name = Base; path = Base.lproj/LaunchScreen.storyboard; sourceTree = "<group>"; };
		2CF91C7C1F4DC67B005584BD /* Info.plist */ = {isa = PBXFileReference; lastKnownFileType = text.plist.xml; path = Info.plist; sourceTree = "<group>"; };
		2CF91C811F4DC67B005584BD /* oFoTests.xctest */ = {isa = PBXFileReference; explicitFileType = wrapper.cfbundle; includeInIndex = 0; path = oFoTests.xctest; sourceTree = BUILT_PRODUCTS_DIR; };
		2CF91C851F4DC67B005584BD /* oFoTests.swift */ = {isa = PBXFileReference; lastKnownFileType = sourcecode.swift; path = oFoTests.swift; sourceTree = "<group>"; };
		2CF91C871F4DC67B005584BD /* Info.plist */ = {isa = PBXFileReference; lastKnownFileType = text.plist.xml; path = Info.plist; sourceTree = "<group>"; };
		2CF91C8C1F4DC67B005584BD /* oFoUITests.xctest */ = {isa = PBXFileReference; explicitFileType = wrapper.cfbundle; includeInIndex = 0; path = oFoUITests.xctest; sourceTree = BUILT_PRODUCTS_DIR; };
		2CF91C901F4DC67B005584BD /* oFoUITests.swift */ = {isa = PBXFileReference; lastKnownFileType = sourcecode.swift; path = oFoUITests.swift; sourceTree = "<group>"; };
		2CF91C921F4DC67B005584BD /* Info.plist */ = {isa = PBXFileReference; lastKnownFileType = text.plist.xml; path = Info.plist; sourceTree = "<group>"; };
		2CF91C9F1F4DCF88005584BD /* MapKit.framework */ = {isa = PBXFileReference; lastKnownFileType = wrapper.framework; name = MapKit.framework; path = System/Library/Frameworks/MapKit.framework; sourceTree = SDKROOT; };
		2CF91CA11F4DD047005584BD /* SYWebViewController.swift */ = {isa = PBXFileReference; lastKnownFileType = sourcecode.swift; path = SYWebViewController.swift; sourceTree = "<group>"; };
		41CE55CEBAF441A40ACF45BD /* Pods_oFo.framework */ = {isa = PBXFileReference; explicitFileType = wrapper.framework; includeInIndex = 0; path = Pods_oFo.framework; sourceTree = BUILT_PRODUCTS_DIR; };
		5C22E9600C9727D93CFBBBEE /* Pods-oFoUITests.debug.xcconfig */ = {isa = PBXFileReference; includeInIndex = 1; lastKnownFileType = text.xcconfig; name = "Pods-oFoUITests.debug.xcconfig"; path = "Pods/Target Support Files/Pods-oFoUITests/Pods-oFoUITests.debug.xcconfig"; sourceTree = "<group>"; };
		7551DD93941DEF4C74D0F115 /* Pods_oFoTests.framework */ = {isa = PBXFileReference; explicitFileType = wrapper.framework; includeInIndex = 0; path = Pods_oFoTests.framework; sourceTree = BUILT_PRODUCTS_DIR; };
		9723B481F91053134B731E6E /* Pods_oFoUITests.framework */ = {isa = PBXFileReference; explicitFileType = wrapper.framework; includeInIndex = 0; path = Pods_oFoUITests.framework; sourceTree = BUILT_PRODUCTS_DIR; };
		98D1CE854D159F2948F09EEF /* Pods-oFoTests.release.xcconfig */ = {isa = PBXFileReference; includeInIndex = 1; lastKnownFileType = text.xcconfig; name = "Pods-oFoTests.release.xcconfig"; path = "Pods/Target Support Files/Pods-oFoTests/Pods-oFoTests.release.xcconfig"; sourceTree = "<group>"; };
		C70CC0A03B28A6460FF3C9F1 /* Pods-oFoTests.debug.xcconfig */ = {isa = PBXFileReference; includeInIndex = 1; lastKnownFileType = text.xcconfig; name = "Pods-oFoTests.debug.xcconfig"; path = "Pods/Target Support Files/Pods-oFoTests/Pods-oFoTests.debug.xcconfig"; sourceTree = "<group>"; };
		E6A1FCF68D4726E1B6FC86D0 /* Pods-oFo.release.xcconfig */ = {isa = PBXFileReference; includeInIndex = 1; lastKnownFileType = text.xcconfig; name = "Pods-oFo.release.xcconfig"; path = "Pods/Target Support Files/Pods-oFo/Pods-oFo.release.xcconfig"; sourceTree = "<group>"; };
		F25B1D849F7C9F55B9C49078 /* Pods-oFo.debug.xcconfig */ = {isa = PBXFileReference; includeInIndex = 1; lastKnownFileType = text.xcconfig; name = "Pods-oFo.debug.xcconfig"; path = "Pods/Target Support Files/Pods-oFo/Pods-oFo.debug.xcconfig"; sourceTree = "<group>"; };
/* End PBXFileReference section */

/* Begin PBXFrameworksBuildPhase section */
		2CF91C6A1F4DC67B005584BD /* Frameworks */ = {
			isa = PBXFrameworksBuildPhase;
			buildActionMask = 2147483647;
			files = (
				2CF91CA01F4DCF88005584BD /* MapKit.framework in Frameworks */,
				E7A3C36CC5B6C76DFF51BBE4 /* Pods_oFo.framework in Frameworks */,
			);
			runOnlyForDeploymentPostprocessing = 0;
		};
		2CF91C7E1F4DC67B005584BD /* Frameworks */ = {
			isa = PBXFrameworksBuildPhase;
			buildActionMask = 2147483647;
			files = (
				F0994E69513E96AE3102B8D1 /* Pods_oFoTests.framework in Frameworks */,
			);
			runOnlyForDeploymentPostprocessing = 0;
		};
		2CF91C891F4DC67B005584BD /* Frameworks */ = {
			isa = PBXFrameworksBuildPhase;
			buildActionMask = 2147483647;
			files = (
				1A52433B906BE91E220E93CC /* Pods_oFoUITests.framework in Frameworks */,
			);
			runOnlyForDeploymentPostprocessing = 0;
		};
/* End PBXFrameworksBuildPhase section */

/* Begin PBXGroup section */
		2CF91C641F4DC67B005584BD = {
			isa = PBXGroup;
			children = (
				2C3A7F911F4EB59B00D4917A /* Podfile */,
				2CF91C6F1F4DC67B005584BD /* oFo */,
				2CF91C841F4DC67B005584BD /* oFoTests */,
				2CF91C8F1F4DC67B005584BD /* oFoUITests */,
				2CF91C6E1F4DC67B005584BD /* Products */,
				2CF91C9E1F4DCF88005584BD /* Frameworks */,
				E0A27A7EFA69F494DEDA03D2 /* Pods */,
			);
			sourceTree = "<group>";
		};
		2CF91C6E1F4DC67B005584BD /* Products */ = {
			isa = PBXGroup;
			children = (
				2CF91C6D1F4DC67B005584BD /* oFo.app */,
				2CF91C811F4DC67B005584BD /* oFoTests.xctest */,
				2CF91C8C1F4DC67B005584BD /* oFoUITests.xctest */,
			);
			name = Products;
			sourceTree = "<group>";
		};
		2CF91C6F1F4DC67B005584BD /* oFo */ = {
			isa = PBXGroup;
			children = (
				2CF91C701F4DC67B005584BD /* AppDelegate.swift */,
				2CF91C721F4DC67B005584BD /* ViewController.swift */,
				2CF91CA11F4DD047005584BD /* SYWebViewController.swift */,
				2C3A7F8F1F4EB3CD00D4917A /* SYMenuController.swift */,
				2CF91C741F4DC67B005584BD /* Main.storyboard */,
				2CF91C771F4DC67B005584BD /* Assets.xcassets */,
				2CF91C791F4DC67B005584BD /* LaunchScreen.storyboard */,
				2CF91C7C1F4DC67B005584BD /* Info.plist */,
				2C3A7F931F4EB6EB00D4917A /* oFo-Bridging-Header.h */,
			);
			path = oFo;
			sourceTree = "<group>";
		};
		2CF91C841F4DC67B005584BD /* oFoTests */ = {
			isa = PBXGroup;
			children = (
				2CF91C851F4DC67B005584BD /* oFoTests.swift */,
				2CF91C871F4DC67B005584BD /* Info.plist */,
			);
			path = oFoTests;
			sourceTree = "<group>";
		};
		2CF91C8F1F4DC67B005584BD /* oFoUITests */ = {
			isa = PBXGroup;
			children = (
				2CF91C901F4DC67B005584BD /* oFoUITests.swift */,
				2CF91C921F4DC67B005584BD /* Info.plist */,
			);
			path = oFoUITests;
			sourceTree = "<group>";
		};
		2CF91C9E1F4DCF88005584BD /* Frameworks */ = {
			isa = PBXGroup;
			children = (
				2CF91C9F1F4DCF88005584BD /* MapKit.framework */,
				41CE55CEBAF441A40ACF45BD /* Pods_oFo.framework */,
				7551DD93941DEF4C74D0F115 /* Pods_oFoTests.framework */,
				9723B481F91053134B731E6E /* Pods_oFoUITests.framework */,
			);
			name = Frameworks;
			sourceTree = "<group>";
		};
		E0A27A7EFA69F494DEDA03D2 /* Pods */ = {
			isa = PBXGroup;
			children = (
				F25B1D849F7C9F55B9C49078 /* Pods-oFo.debug.xcconfig */,
				E6A1FCF68D4726E1B6FC86D0 /* Pods-oFo.release.xcconfig */,
				C70CC0A03B28A6460FF3C9F1 /* Pods-oFoTests.debug.xcconfig */,
				98D1CE854D159F2948F09EEF /* Pods-oFoTests.release.xcconfig */,
				5C22E9600C9727D93CFBBBEE /* Pods-oFoUITests.debug.xcconfig */,
				18D7C65DDD92906C978C4805 /* Pods-oFoUITests.release.xcconfig */,
			);
			name = Pods;
			sourceTree = "<group>";
		};
/* End PBXGroup section */

/* Begin PBXNativeTarget section */
		2CF91C6C1F4DC67B005584BD /* oFo */ = {
			isa = PBXNativeTarget;
			buildConfigurationList = 2CF91C951F4DC67B005584BD /* Build configuration list for PBXNativeTarget "oFo" */;
			buildPhases = (
				C593A0A434948B9D15A1320A /* [CP] Check Pods Manifest.lock */,
				2CF91C691F4DC67B005584BD /* Sources */,
				2CF91C6A1F4DC67B005584BD /* Frameworks */,
				2CF91C6B1F4DC67B005584BD /* Resources */,
				A87942700779064A5D843F3A /* [CP] Embed Pods Frameworks */,
				BE07210749F3EA0EBD27FB03 /* [CP] Copy Pods Resources */,
			);
			buildRules = (
			);
			dependencies = (
			);
			name = oFo;
			productName = oFo;
			productReference = 2CF91C6D1F4DC67B005584BD /* oFo.app */;
			productType = "com.apple.product-type.application";
		};
		2CF91C801F4DC67B005584BD /* oFoTests */ = {
			isa = PBXNativeTarget;
			buildConfigurationList = 2CF91C981F4DC67B005584BD /* Build configuration list for PBXNativeTarget "oFoTests" */;
			buildPhases = (
				F9C167DF7C22185D8F580FA8 /* [CP] Check Pods Manifest.lock */,
				2CF91C7D1F4DC67B005584BD /* Sources */,
				2CF91C7E1F4DC67B005584BD /* Frameworks */,
				2CF91C7F1F4DC67B005584BD /* Resources */,
				C98242B864A158D95B85743D /* [CP] Embed Pods Frameworks */,
				295587B056DA8AF1AF05750E /* [CP] Copy Pods Resources */,
			);
			buildRules = (
			);
			dependencies = (
				2CF91C831F4DC67B005584BD /* PBXTargetDependency */,
			);
			name = oFoTests;
			productName = oFoTests;
			productReference = 2CF91C811F4DC67B005584BD /* oFoTests.xctest */;
			productType = "com.apple.product-type.bundle.unit-test";
		};
		2CF91C8B1F4DC67B005584BD /* oFoUITests */ = {
			isa = PBXNativeTarget;
			buildConfigurationList = 2CF91C9B1F4DC67B005584BD /* Build configuration list for PBXNativeTarget "oFoUITests" */;
			buildPhases = (
				615C7BCC9E51A6F8C98867B5 /* [CP] Check Pods Manifest.lock */,
				2CF91C881F4DC67B005584BD /* Sources */,
				2CF91C891F4DC67B005584BD /* Frameworks */,
				2CF91C8A1F4DC67B005584BD /* Resources */,
				FB5AED29A746A42DD4347A8F /* [CP] Embed Pods Frameworks */,
				219D98852656C8C81A6EF4F2 /* [CP] Copy Pods Resources */,
			);
			buildRules = (
			);
			dependencies = (
				2CF91C8E1F4DC67B005584BD /* PBXTargetDependency */,
			);
			name = oFoUITests;
			productName = oFoUITests;
			productReference = 2CF91C8C1F4DC67B005584BD /* oFoUITests.xctest */;
			productType = "com.apple.product-type.bundle.ui-testing";
		};
/* End PBXNativeTarget section */

/* Begin PBXProject section */
		2CF91C651F4DC67B005584BD /* Project object */ = {
			isa = PBXProject;
			attributes = {
				LastSwiftUpdateCheck = 0900;
				LastUpgradeCheck = 0900;
				ORGANIZATIONNAME = haosongyan;
				TargetAttributes = {
					2CF91C6C1F4DC67B005584BD = {
						CreatedOnToolsVersion = 9.0;
						LastSwiftMigration = 0900;
						ProvisioningStyle = Automatic;
						SystemCapabilities = {
							com.apple.Maps.iOS = {
								enabled = 1;
							};
						};
					};
					2CF91C801F4DC67B005584BD = {
						CreatedOnToolsVersion = 9.0;
						ProvisioningStyle = Automatic;
						TestTargetID = 2CF91C6C1F4DC67B005584BD;
					};
					2CF91C8B1F4DC67B005584BD = {
						CreatedOnToolsVersion = 9.0;
						ProvisioningStyle = Automatic;
						TestTargetID = 2CF91C6C1F4DC67B005584BD;
					};
				};
			};
			buildConfigurationList = 2CF91C681F4DC67B005584BD /* Build configuration list for PBXProject "oFo" */;
			compatibilityVersion = "Xcode 8.0";
			developmentRegion = en;
			hasScannedForEncodings = 0;
			knownRegions = (
				en,
				Base,
			);
			mainGroup = 2CF91C641F4DC67B005584BD;
			productRefGroup = 2CF91C6E1F4DC67B005584BD /* Products */;
			projectDirPath = "";
			projectRoot = "";
			targets = (
				2CF91C6C1F4DC67B005584BD /* oFo */,
				2CF91C801F4DC67B005584BD /* oFoTests */,
				2CF91C8B1F4DC67B005584BD /* oFoUITests */,
			);
		};
/* End PBXProject section */

/* Begin PBXResourcesBuildPhase section */
		2CF91C6B1F4DC67B005584BD /* Resources */ = {
			isa = PBXResourcesBuildPhase;
			buildActionMask = 2147483647;
			files = (
				2CF91C7B1F4DC67B005584BD /* LaunchScreen.storyboard in Resources */,
				2CF91C781F4DC67B005584BD /* Assets.xcassets in Resources */,
				2C3A7F921F4EB59B00D4917A /* Podfile in Resources */,
				2CF91C761F4DC67B005584BD /* Main.storyboard in Resources */,
			);
			runOnlyForDeploymentPostprocessing = 0;
		};
		2CF91C7F1F4DC67B005584BD /* Resources */ = {
			isa = PBXResourcesBuildPhase;
			buildActionMask = 2147483647;
			files = (
			);
			runOnlyForDeploymentPostprocessing = 0;
		};
		2CF91C8A1F4DC67B005584BD /* Resources */ = {
			isa = PBXResourcesBuildPhase;
			buildActionMask = 2147483647;
			files = (
			);
			runOnlyForDeploymentPostprocessing = 0;
		};
/* End PBXResourcesBuildPhase section */

/* Begin PBXShellScriptBuildPhase section */
		219D98852656C8C81A6EF4F2 /* [CP] Copy Pods Resources */ = {
			isa = PBXShellScriptBuildPhase;
			buildActionMask = 2147483647;
			files = (
			);
			inputPaths = (
			);
			name = "[CP] Copy Pods Resources";
			outputPaths = (
			);
			runOnlyForDeploymentPostprocessing = 0;
			shellPath = /bin/sh;
			shellScript = "\"${SRCROOT}/Pods/Target Support Files/Pods-oFoUITests/Pods-oFoUITests-resources.sh\"\n";
			showEnvVarsInLog = 0;
		};
		295587B056DA8AF1AF05750E /* [CP] Copy Pods Resources */ = {
			isa = PBXShellScriptBuildPhase;
			buildActionMask = 2147483647;
			files = (
			);
			inputPaths = (
			);
			name = "[CP] Copy Pods Resources";
			outputPaths = (
			);
			runOnlyForDeploymentPostprocessing = 0;
			shellPath = /bin/sh;
			shellScript = "\"${SRCROOT}/Pods/Target Support Files/Pods-oFoTests/Pods-oFoTests-resources.sh\"\n";
			showEnvVarsInLog = 0;
		};
		615C7BCC9E51A6F8C98867B5 /* [CP] Check Pods Manifest.lock */ = {
			isa = PBXShellScriptBuildPhase;
			buildActionMask = 2147483647;
			files = (
			);
			inputPaths = (
			);
			name = "[CP] Check Pods Manifest.lock";
			outputPaths = (
			);
			runOnlyForDeploymentPostprocessing = 0;
			shellPath = /bin/sh;
			shellScript = "diff \"${PODS_PODFILE_DIR_PATH}/Podfile.lock\" \"${PODS_ROOT}/Manifest.lock\" > /dev/null\nif [ $? != 0 ] ; then\n    # print error to STDERR\n    echo \"error: The sandbox is not in sync with the Podfile.lock. Run 'pod install' or update your CocoaPods installation.\" >&2\n    exit 1\nfi\n";
			showEnvVarsInLog = 0;
		};
		A87942700779064A5D843F3A /* [CP] Embed Pods Frameworks */ = {
			isa = PBXShellScriptBuildPhase;
			buildActionMask = 2147483647;
			files = (
			);
			inputPaths = (
			);
			name = "[CP] Embed Pods Frameworks";
			outputPaths = (
			);
			runOnlyForDeploymentPostprocessing = 0;
			shellPath = /bin/sh;
			shellScript = "\"${SRCROOT}/Pods/Target Support Files/Pods-oFo/Pods-oFo-frameworks.sh\"\n";
			showEnvVarsInLog = 0;
		};
		BE07210749F3EA0EBD27FB03 /* [CP] Copy Pods Resources */ = {
			isa = PBXShellScriptBuildPhase;
			buildActionMask = 2147483647;
			files = (
			);
			inputPaths = (
			);
			name = "[CP] Copy Pods Resources";
			outputPaths = (
			);
			runOnlyForDeploymentPostprocessing = 0;
			shellPath = /bin/sh;
			shellScript = "\"${SRCROOT}/Pods/Target Support Files/Pods-oFo/Pods-oFo-resources.sh\"\n";
			showEnvVarsInLog = 0;
		};
		C593A0A434948B9D15A1320A /* [CP] Check Pods Manifest.lock */ = {
			isa = PBXShellScriptBuildPhase;
			buildActionMask = 2147483647;
			files = (
			);
			inputPaths = (
			);
			name = "[CP] Check Pods Manifest.lock";
			outputPaths = (
			);
			runOnlyForDeploymentPostprocessing = 0;
			shellPath = /bin/sh;
			shellScript = "diff \"${PODS_PODFILE_DIR_PATH}/Podfile.lock\" \"${PODS_ROOT}/Manifest.lock\" > /dev/null\nif [ $? != 0 ] ; then\n    # print error to STDERR\n    echo \"error: The sandbox is not in sync with the Podfile.lock. Run 'pod install' or update your CocoaPods installation.\" >&2\n    exit 1\nfi\n";
			showEnvVarsInLog = 0;
		};
		C98242B864A158D95B85743D /* [CP] Embed Pods Frameworks */ = {
			isa = PBXShellScriptBuildPhase;
			buildActionMask = 2147483647;
			files = (
			);
			inputPaths = (
			);
			name = "[CP] Embed Pods Frameworks";
			outputPaths = (
			);
			runOnlyForDeploymentPostprocessing = 0;
			shellPath = /bin/sh;
			shellScript = "\"${SRCROOT}/Pods/Target Support Files/Pods-oFoTests/Pods-oFoTests-frameworks.sh\"\n";
			showEnvVarsInLog = 0;
		};
		F9C167DF7C22185D8F580FA8 /* [CP] Check Pods Manifest.lock */ = {
			isa = PBXShellScriptBuildPhase;
			buildActionMask = 2147483647;
			files = (
			);
			inputPaths = (
			);
			name = "[CP] Check Pods Manifest.lock";
			outputPaths = (
			);
			runOnlyForDeploymentPostprocessing = 0;
			shellPath = /bin/sh;
			shellScript = "diff \"${PODS_PODFILE_DIR_PATH}/Podfile.lock\" \"${PODS_ROOT}/Manifest.lock\" > /dev/null\nif [ $? != 0 ] ; then\n    # print error to STDERR\n    echo \"error: The sandbox is not in sync with the Podfile.lock. Run 'pod install' or update your CocoaPods installation.\" >&2\n    exit 1\nfi\n";
			showEnvVarsInLog = 0;
		};
		FB5AED29A746A42DD4347A8F /* [CP] Embed Pods Frameworks */ = {
			isa = PBXShellScriptBuildPhase;
			buildActionMask = 2147483647;
			files = (
			);
			inputPaths = (
			);
			name = "[CP] Embed Pods Frameworks";
			outputPaths = (
			);
			runOnlyForDeploymentPostprocessing = 0;
			shellPath = /bin/sh;
			shellScript = "\"${SRCROOT}/Pods/Target Support Files/Pods-oFoUITests/Pods-oFoUITests-frameworks.sh\"\n";
			showEnvVarsInLog = 0;
		};
/* End PBXShellScriptBuildPhase section */

/* Begin PBXSourcesBuildPhase section */
		2CF91C691F4DC67B005584BD /* Sources */ = {
			isa = PBXSourcesBuildPhase;
			buildActionMask = 2147483647;
			files = (
				2CF91C731F4DC67B005584BD /* ViewController.swift in Sources */,
				2CF91C711F4DC67B005584BD /* AppDelegate.swift in Sources */,
				2C3A7F901F4EB3CD00D4917A /* SYMenuController.swift in Sources */,
				2CF91CA21F4DD047005584BD /* SYWebViewController.swift in Sources */,
			);
			runOnlyForDeploymentPostprocessing = 0;
		};
		2CF91C7D1F4DC67B005584BD /* Sources */ = {
			isa = PBXSourcesBuildPhase;
			buildActionMask = 2147483647;
			files = (
				2CF91C861F4DC67B005584BD /* oFoTests.swift in Sources */,
			);
			runOnlyForDeploymentPostprocessing = 0;
		};
		2CF91C881F4DC67B005584BD /* Sources */ = {
			isa = PBXSourcesBuildPhase;
			buildActionMask = 2147483647;
			files = (
				2CF91C911F4DC67B005584BD /* oFoUITests.swift in Sources */,
			);
			runOnlyForDeploymentPostprocessing = 0;
		};
/* End PBXSourcesBuildPhase section */

/* Begin PBXTargetDependency section */
		2CF91C831F4DC67B005584BD /* PBXTargetDependency */ = {
			isa = PBXTargetDependency;
			target = 2CF91C6C1F4DC67B005584BD /* oFo */;
			targetProxy = 2CF91C821F4DC67B005584BD /* PBXContainerItemProxy */;
		};
		2CF91C8E1F4DC67B005584BD /* PBXTargetDependency */ = {
			isa = PBXTargetDependency;
			target = 2CF91C6C1F4DC67B005584BD /* oFo */;
			targetProxy = 2CF91C8D1F4DC67B005584BD /* PBXContainerItemProxy */;
		};
/* End PBXTargetDependency section */

/* Begin PBXVariantGroup section */
		2CF91C741F4DC67B005584BD /* Main.storyboard */ = {
			isa = PBXVariantGroup;
			children = (
				2CF91C751F4DC67B005584BD /* Base */,
			);
			name = Main.storyboard;
			sourceTree = "<group>";
		};
		2CF91C791F4DC67B005584BD /* LaunchScreen.storyboard */ = {
			isa = PBXVariantGroup;
			children = (
				2CF91C7A1F4DC67B005584BD /* Base */,
			);
			name = LaunchScreen.storyboard;
			sourceTree = "<group>";
		};
/* End PBXVariantGroup section */

/* Begin XCBuildConfiguration section */
		2CF91C931F4DC67B005584BD /* Debug */ = {
			isa = XCBuildConfiguration;
			buildSettings = {
				ALWAYS_SEARCH_USER_PATHS = NO;
				CLANG_ANALYZER_NONNULL = YES;
				CLANG_ANALYZER_NUMBER_OBJECT_CONVERSION = YES_AGGRESSIVE;
				CLANG_CXX_LANGUAGE_STANDARD = "gnu++14";
				CLANG_CXX_LIBRARY = "libc++";
				CLANG_ENABLE_MODULES = YES;
				CLANG_ENABLE_OBJC_ARC = YES;
				CLANG_WARN_BLOCK_CAPTURE_AUTORELEASING = YES;
				CLANG_WARN_BOOL_CONVERSION = YES;
				CLANG_WARN_COMMA = YES;
				CLANG_WARN_CONSTANT_CONVERSION = YES;
				CLANG_WARN_DIRECT_OBJC_ISA_USAGE = YES_ERROR;
				CLANG_WARN_DOCUMENTATION_COMMENTS = YES;
				CLANG_WARN_EMPTY_BODY = YES;
				CLANG_WARN_ENUM_CONVERSION = YES;
				CLANG_WARN_INFINITE_RECURSION = YES;
				CLANG_WARN_INT_CONVERSION = YES;
				CLANG_WARN_NON_LITERAL_NULL_CONVERSION = YES;
				CLANG_WARN_OBJC_LITERAL_CONVERSION = YES;
				CLANG_WARN_OBJC_ROOT_CLASS = YES_ERROR;
				CLANG_WARN_RANGE_LOOP_ANALYSIS = YES;
				CLANG_WARN_STRICT_PROTOTYPES = YES;
				CLANG_WARN_SUSPICIOUS_MOVE = YES;
				CLANG_WARN_UNGUARDED_AVAILABILITY = YES_AGGRESSIVE;
				CLANG_WARN_UNREACHABLE_CODE = YES;
				CLANG_WARN__DUPLICATE_METHOD_MATCH = YES;
				CODE_SIGN_IDENTITY = "iPhone Developer";
				COPY_PHASE_STRIP = NO;
				DEBUG_INFORMATION_FORMAT = dwarf;
				ENABLE_STRICT_OBJC_MSGSEND = YES;
				ENABLE_TESTABILITY = YES;
				GCC_C_LANGUAGE_STANDARD = gnu11;
				GCC_DYNAMIC_NO_PIC = NO;
				GCC_NO_COMMON_BLOCKS = YES;
				GCC_OPTIMIZATION_LEVEL = 0;
				GCC_PREPROCESSOR_DEFINITIONS = (
					"DEBUG=1",
					"$(inherited)",
				);
				GCC_WARN_64_TO_32_BIT_CONVERSION = YES;
				GCC_WARN_ABOUT_RETURN_TYPE = YES_ERROR;
				GCC_WARN_UNDECLARED_SELECTOR = YES;
				GCC_WARN_UNINITIALIZED_AUTOS = YES_AGGRESSIVE;
				GCC_WARN_UNUSED_FUNCTION = YES;
				GCC_WARN_UNUSED_VARIABLE = YES;
				IPHONEOS_DEPLOYMENT_TARGET = 11.0;
				MTL_ENABLE_DEBUG_INFO = YES;
				ONLY_ACTIVE_ARCH = YES;
				SDKROOT = iphoneos;
				SWIFT_ACTIVE_COMPILATION_CONDITIONS = DEBUG;
				SWIFT_OPTIMIZATION_LEVEL = "-Onone";
			};
			name = Debug;
		};
		2CF91C941F4DC67B005584BD /* Release */ = {
			isa = XCBuildConfiguration;
			buildSettings = {
				ALWAYS_SEARCH_USER_PATHS = NO;
				CLANG_ANALYZER_NONNULL = YES;
				CLANG_ANALYZER_NUMBER_OBJECT_CONVERSION = YES_AGGRESSIVE;
				CLANG_CXX_LANGUAGE_STANDARD = "gnu++14";
				CLANG_CXX_LIBRARY = "libc++";
				CLANG_ENABLE_MODULES = YES;
				CLANG_ENABLE_OBJC_ARC = YES;
				CLANG_WARN_BLOCK_CAPTURE_AUTORELEASING = YES;
				CLANG_WARN_BOOL_CONVERSION = YES;
				CLANG_WARN_COMMA = YES;
				CLANG_WARN_CONSTANT_CONVERSION = YES;
				CLANG_WARN_DIRECT_OBJC_ISA_USAGE = YES_ERROR;
				CLANG_WARN_DOCUMENTATION_COMMENTS = YES;
				CLANG_WARN_EMPTY_BODY = YES;
				CLANG_WARN_ENUM_CONVERSION = YES;
				CLANG_WARN_INFINITE_RECURSION = YES;
				CLANG_WARN_INT_CONVERSION = YES;
				CLANG_WARN_NON_LITERAL_NULL_CONVERSION = YES;
				CLANG_WARN_OBJC_LITERAL_CONVERSION = YES;
				CLANG_WARN_OBJC_ROOT_CLASS = YES_ERROR;
				CLANG_WARN_RANGE_LOOP_ANALYSIS = YES;
				CLANG_WARN_STRICT_PROTOTYPES = YES;
				CLANG_WARN_SUSPICIOUS_MOVE = YES;
				CLANG_WARN_UNGUARDED_AVAILABILITY = YES_AGGRESSIVE;
				CLANG_WARN_UNREACHABLE_CODE = YES;
				CLANG_WARN__DUPLICATE_METHOD_MATCH = YES;
				CODE_SIGN_IDENTITY = "iPhone Developer";
				COPY_PHASE_STRIP = NO;
				DEBUG_INFORMATION_FORMAT = "dwarf-with-dsym";
				ENABLE_NS_ASSERTIONS = NO;
				ENABLE_STRICT_OBJC_MSGSEND = YES;
				GCC_C_LANGUAGE_STANDARD = gnu11;
				GCC_NO_COMMON_BLOCKS = YES;
				GCC_WARN_64_TO_32_BIT_CONVERSION = YES;
				GCC_WARN_ABOUT_RETURN_TYPE = YES_ERROR;
				GCC_WARN_UNDECLARED_SELECTOR = YES;
				GCC_WARN_UNINITIALIZED_AUTOS = YES_AGGRESSIVE;
				GCC_WARN_UNUSED_FUNCTION = YES;
				GCC_WARN_UNUSED_VARIABLE = YES;
				IPHONEOS_DEPLOYMENT_TARGET = 11.0;
				MTL_ENABLE_DEBUG_INFO = NO;
				SDKROOT = iphoneos;
				SWIFT_OPTIMIZATION_LEVEL = "-Owholemodule";
				VALIDATE_PRODUCT = YES;
			};
			name = Release;
		};
		2CF91C961F4DC67B005584BD /* Debug */ = {
			isa = XCBuildConfiguration;
			baseConfigurationReference = F25B1D849F7C9F55B9C49078 /* Pods-oFo.debug.xcconfig */;
			buildSettings = {
				ASSETCATALOG_COMPILER_APPICON_NAME = AppIcon;
				ASSETCATALOG_COMPILER_LAUNCHIMAGE_NAME = LaunchImage;
				CLANG_ENABLE_MODULES = YES;
				CODE_SIGN_STYLE = Automatic;
				DEVELOPMENT_TEAM = 4EB2P2M4HN;
				INFOPLIST_FILE = oFo/Info.plist;
				LD_RUNPATH_SEARCH_PATHS = "$(inherited) @executable_path/Frameworks";
				PRODUCT_BUNDLE_IDENTIFIER = HSY.oFo;
				PRODUCT_NAME = "$(TARGET_NAME)";
				SWIFT_OBJC_BRIDGING_HEADER = "oFo/oFo-Bridging-Header.h";
				SWIFT_OPTIMIZATION_LEVEL = "-Onone";
				SWIFT_VERSION = 4.0;
				TARGETED_DEVICE_FAMILY = "1,2";
			};
			name = Debug;
		};
		2CF91C971F4DC67B005584BD /* Release */ = {
			isa = XCBuildConfiguration;
			baseConfigurationReference = E6A1FCF68D4726E1B6FC86D0 /* Pods-oFo.release.xcconfig */;
			buildSettings = {
				ASSETCATALOG_COMPILER_APPICON_NAME = AppIcon;
				ASSETCATALOG_COMPILER_LAUNCHIMAGE_NAME = LaunchImage;
				CLANG_ENABLE_MODULES = YES;
				CODE_SIGN_STYLE = Automatic;
				DEVELOPMENT_TEAM = 4EB2P2M4HN;
				INFOPLIST_FILE = oFo/Info.plist;
				LD_RUNPATH_SEARCH_PATHS = "$(inherited) @executable_path/Frameworks";
				PRODUCT_BUNDLE_IDENTIFIER = HSY.oFo;
				PRODUCT_NAME = "$(TARGET_NAME)";
				SWIFT_OBJC_BRIDGING_HEADER = "oFo/oFo-Bridging-Header.h";
				SWIFT_VERSION = 4.0;
				TARGETED_DEVICE_FAMILY = "1,2";
			};
			name = Release;
		};
		2CF91C991F4DC67B005584BD /* Debug */ = {
			isa = XCBuildConfiguration;
			baseConfigurationReference = C70CC0A03B28A6460FF3C9F1 /* Pods-oFoTests.debug.xcconfig */;
			buildSettings = {
				ALWAYS_EMBED_SWIFT_STANDARD_LIBRARIES = YES;
				BUNDLE_LOADER = "$(TEST_HOST)";
				CODE_SIGN_STYLE = Automatic;
				DEVELOPMENT_TEAM = 4EB2P2M4HN;
				INFOPLIST_FILE = oFoTests/Info.plist;
				LD_RUNPATH_SEARCH_PATHS = "$(inherited) @executable_path/Frameworks @loader_path/Frameworks";
				PRODUCT_BUNDLE_IDENTIFIER = HSY.oFoTests;
				PRODUCT_NAME = "$(TARGET_NAME)";
				SWIFT_VERSION = 4.0;
				TARGETED_DEVICE_FAMILY = "1,2";
				TEST_HOST = "$(BUILT_PRODUCTS_DIR)/oFo.app/oFo";
			};
			name = Debug;
		};
		2CF91C9A1F4DC67B005584BD /* Release */ = {
			isa = XCBuildConfiguration;
			baseConfigurationReference = 98D1CE854D159F2948F09EEF /* Pods-oFoTests.release.xcconfig */;
			buildSettings = {
				ALWAYS_EMBED_SWIFT_STANDARD_LIBRARIES = YES;
				BUNDLE_LOADER = "$(TEST_HOST)";
				CODE_SIGN_STYLE = Automatic;
				DEVELOPMENT_TEAM = 4EB2P2M4HN;
				INFOPLIST_FILE = oFoTests/Info.plist;
				LD_RUNPATH_SEARCH_PATHS = "$(inherited) @executable_path/Frameworks @loader_path/Frameworks";
				PRODUCT_BUNDLE_IDENTIFIER = HSY.oFoTests;
				PRODUCT_NAME = "$(TARGET_NAME)";
				SWIFT_VERSION = 4.0;
				TARGETED_DEVICE_FAMILY = "1,2";
				TEST_HOST = "$(BUILT_PRODUCTS_DIR)/oFo.app/oFo";
			};
			name = Release;
		};
		2CF91C9C1F4DC67B005584BD /* Debug */ = {
			isa = XCBuildConfiguration;
			baseConfigurationReference = 5C22E9600C9727D93CFBBBEE /* Pods-oFoUITests.debug.xcconfig */;
			buildSettings = {
				ALWAYS_EMBED_SWIFT_STANDARD_LIBRARIES = YES;
				CODE_SIGN_STYLE = Automatic;
				DEVELOPMENT_TEAM = 4EB2P2M4HN;
				INFOPLIST_FILE = oFoUITests/Info.plist;
				LD_RUNPATH_SEARCH_PATHS = "$(inherited) @executable_path/Frameworks @loader_path/Frameworks";
				PRODUCT_BUNDLE_IDENTIFIER = HSY.oFoUITests;
				PRODUCT_NAME = "$(TARGET_NAME)";
				SWIFT_VERSION = 4.0;
				TARGETED_DEVICE_FAMILY = "1,2";
				TEST_TARGET_NAME = oFo;
			};
			name = Debug;
		};
		2CF91C9D1F4DC67B005584BD /* Release */ = {
			isa = XCBuildConfiguration;
			baseConfigurationReference = 18D7C65DDD92906C978C4805 /* Pods-oFoUITests.release.xcconfig */;
			buildSettings = {
				ALWAYS_EMBED_SWIFT_STANDARD_LIBRARIES = YES;
				CODE_SIGN_STYLE = Automatic;
				DEVELOPMENT_TEAM = 4EB2P2M4HN;
				INFOPLIST_FILE = oFoUITests/Info.plist;
				LD_RUNPATH_SEARCH_PATHS = "$(inherited) @executable_path/Frameworks @loader_path/Frameworks";
				PRODUCT_BUNDLE_IDENTIFIER = HSY.oFoUITests;
				PRODUCT_NAME = "$(TARGET_NAME)";
				SWIFT_VERSION = 4.0;
				TARGETED_DEVICE_FAMILY = "1,2";
				TEST_TARGET_NAME = oFo;
			};
			name = Release;
		};
/* End XCBuildConfiguration section */

/* Begin XCConfigurationList section */
		2CF91C681F4DC67B005584BD /* Build configuration list for PBXProject "oFo" */ = {
			isa = XCConfigurationList;
			buildConfigurations = (
				2CF91C931F4DC67B005584BD /* Debug */,
				2CF91C941F4DC67B005584BD /* Release */,
			);
			defaultConfigurationIsVisible = 0;
			defaultConfigurationName = Release;
		};
		2CF91C951F4DC67B005584BD /* Build configuration list for PBXNativeTarget "oFo" */ = {
			isa = XCConfigurationList;
			buildConfigurations = (
				2CF91C961F4DC67B005584BD /* Debug */,
				2CF91C971F4DC67B005584BD /* Release */,
			);
			defaultConfigurationIsVisible = 0;
			defaultConfigurationName = Release;
		};
		2CF91C981F4DC67B005584BD /* Build configuration list for PBXNativeTarget "oFoTests" */ = {
			isa = XCConfigurationList;
			buildConfigurations = (
				2CF91C991F4DC67B005584BD /* Debug */,
				2CF91C9A1F4DC67B005584BD /* Release */,
			);
			defaultConfigurationIsVisible = 0;
			defaultConfigurationName = Release;
		};
		2CF91C9B1F4DC67B005584BD /* Build configuration list for PBXNativeTarget "oFoUITests" */ = {
			isa = XCConfigurationList;
			buildConfigurations = (
				2CF91C9C1F4DC67B005584BD /* Debug */,
				2CF91C9D1F4DC67B005584BD /* Release */,
			);
			defaultConfigurationIsVisible = 0;
			defaultConfigurationName = Release;
		};
/* End XCConfigurationList section */
	};
	rootObject = 2CF91C651F4DC67B005584BD /* Project object */;
}
